
Microsoft Visual Studio Solution File, Format Version 12.00
# Visual Studio Version 16
VisualStudioVersion = 16.0.29009.5
MinimumVisualStudioVersion = 10.0.40219.1
Project("{FAE04EC0-301F-11D3-BF4B-00C04F79EFBC}") = "XML_inimene_Konstantinov", "XML_inimene_Konstantinov\XML_inimene_Konstantinov.csproj", "{433A521D-D8FB-4FA7-8234-7C660278DC30}"
EndProject
Global
	GlobalSection(SolutionConfigurationPlatforms) = preSolution
		Debug|Any CPU = Debug|Any CPU
		Release|Any CPU = Release|Any CPU
	EndGlobalSection
	GlobalSection(ProjectConfigurationPlatforms) = postSolution
		{433A521D-D8FB-4FA7-8234-7C660278DC30}.Debug|Any CPU.ActiveCfg = Debug|Any CPU
		{433A521D-D8FB-4FA7-8234-7C660278DC30}.Debug|Any CPU.Build.0 = Debug|Any CPU
		{433A521D-D8FB-4FA7-8234-7C660278DC30}.Release|Any CPU.ActiveCfg = Release|Any CPU
		{433A521D-D8FB-4FA7-8234-7C660278DC30}.Release|Any CPU.Build.0 = Release|Any CPU
	EndGlobalSection
	GlobalSection(SolutionProperties) = preSolution
		HideSolutionNode = FALSE
	EndGlobalSection
	GlobalSection(ExtensibilityGlobals) = postSolution
		SolutionGuid = {80FD4631-F33D-4B11-8187-36F80CA33D2E}
	EndGlobalSection
EndGlobal
